// !$*UTF8*$!
{
	archiveVersion = 1;
	classes = {
	};
	objectVersion = 56;
	objects = {

/* Begin PBXBuildFile section */
		B512BB852D3C3C6C00AE9AB7 /* TravelScheduleApp.swift in Sources */ = {isa = PBXBuildFile; fileRef = B512BB842D3C3C6C00AE9AB7 /* TravelScheduleApp.swift */; };
		B512BB872D3C3C6C00AE9AB7 /* ContentView.swift in Sources */ = {isa = PBXBuildFile; fileRef = B512BB862D3C3C6C00AE9AB7 /* ContentView.swift */; };
		B512BB892D3C3C6D00AE9AB7 /* Assets.xcassets in Resources */ = {isa = PBXBuildFile; fileRef = B512BB882D3C3C6D00AE9AB7 /* Assets.xcassets */; };
		B512BB8C2D3C3C6D00AE9AB7 /* Preview Assets.xcassets in Resources */ = {isa = PBXBuildFile; fileRef = B512BB8B2D3C3C6D00AE9AB7 /* Preview Assets.xcassets */; };
		B512BB942D3C3CDE00AE9AB7 /* OpenAPIURLSession in Frameworks */ = {isa = PBXBuildFile; productRef = B512BB932D3C3CDE00AE9AB7 /* OpenAPIURLSession */; };
		B512BB972D3C3CE300AE9AB7 /* OpenAPIRuntime in Frameworks */ = {isa = PBXBuildFile; productRef = B512BB962D3C3CE300AE9AB7 /* OpenAPIRuntime */; };
		B512BBA02D3C3D2500AE9AB7 /* openapi.yaml in Resources */ = {isa = PBXBuildFile; fileRef = B512BB9E2D3C3D2500AE9AB7 /* openapi.yaml */; };
		B512BBA12D3C3D2500AE9AB7 /* openapi-generator-config.yaml in Resources */ = {isa = PBXBuildFile; fileRef = B512BB9F2D3C3D2500AE9AB7 /* openapi-generator-config.yaml */; };
		B512BBAA2D3C3D4600AE9AB7 /* TravelScheduleTests.swift in Sources */ = {isa = PBXBuildFile; fileRef = B512BBA92D3C3D4600AE9AB7 /* TravelScheduleTests.swift */; };
		B512BBBF2D3C3D9A00AE9AB7 /* CopyrightService.swift in Sources */ = {isa = PBXBuildFile; fileRef = B512BBB62D3C3D9A00AE9AB7 /* CopyrightService.swift */; };
		B512BBC02D3C3D9A00AE9AB7 /* ScheduleBetweenService.swift in Sources */ = {isa = PBXBuildFile; fileRef = B512BBB72D3C3D9A00AE9AB7 /* ScheduleBetweenService.swift */; };
		B512BBC12D3C3D9A00AE9AB7 /* NearestSettlementService.swift in Sources */ = {isa = PBXBuildFile; fileRef = B512BBB82D3C3D9A00AE9AB7 /* NearestSettlementService.swift */; };
		B512BBC22D3C3D9A00AE9AB7 /* ScheduleForStation.swift in Sources */ = {isa = PBXBuildFile; fileRef = B512BBB92D3C3D9A00AE9AB7 /* ScheduleForStation.swift */; };
		B512BBC42D3C3D9A00AE9AB7 /* StationsListService.swift in Sources */ = {isa = PBXBuildFile; fileRef = B512BBBB2D3C3D9A00AE9AB7 /* StationsListService.swift */; };
		B512BBC52D3C3D9A00AE9AB7 /* ThreadStationsService.swift in Sources */ = {isa = PBXBuildFile; fileRef = B512BBBC2D3C3D9A00AE9AB7 /* ThreadStationsService.swift */; };
		B512BBC62D3C3D9A00AE9AB7 /* NearestStationsService.swift in Sources */ = {isa = PBXBuildFile; fileRef = B512BBBD2D3C3D9A00AE9AB7 /* NearestStationsService.swift */; };
		B512BBC72D3C3D9A00AE9AB7 /* CarrierService.swift in Sources */ = {isa = PBXBuildFile; fileRef = B512BBBE2D3C3D9A00AE9AB7 /* CarrierService.swift */; };
		B512BBCA2D3C3DE400AE9AB7 /* JSONDecoder+Extensions.swift in Sources */ = {isa = PBXBuildFile; fileRef = B512BBC92D3C3DE400AE9AB7 /* JSONDecoder+Extensions.swift */; };
		B512BBCF2D3C3EF000AE9AB7 /* Constants.swift in Sources */ = {isa = PBXBuildFile; fileRef = B512BBCE2D3C3EF000AE9AB7 /* Constants.swift */; };
		B5D33E382D3C3FD000C82128 /* NetworkManager.swift in Sources */ = {isa = PBXBuildFile; fileRef = B5D33E372D3C3FD000C82128 /* NetworkManager.swift */; };
		B5E5F6CD2D3D643C00A873ED /* ErrorView.swift in Sources */ = {isa = PBXBuildFile; fileRef = B5E5F6CC2D3D643C00A873ED /* ErrorView.swift */; };
		B5E5F6D02D3D7BD000A873ED /* UserAgreementWebView.swift in Sources */ = {isa = PBXBuildFile; fileRef = B5E5F6CF2D3D7BD000A873ED /* UserAgreementWebView.swift */; };
		B5E5F6D32D3D7D6F00A873ED /* UserAgreementView.swift in Sources */ = {isa = PBXBuildFile; fileRef = B5E5F6D22D3D7D6F00A873ED /* UserAgreementView.swift */; };
		B5E5F6D62D3D7FB400A873ED /* ListRowView.swift in Sources */ = {isa = PBXBuildFile; fileRef = B5E5F6D52D3D7FB400A873ED /* ListRowView.swift */; };
		B5E5F6D92D3D7FF000A873ED /* SettingsView.swift in Sources */ = {isa = PBXBuildFile; fileRef = B5E5F6D82D3D7FF000A873ED /* SettingsView.swift */; };
		B5E5F6DD2D3D829F00A873ED /* ScheduleView.swift in Sources */ = {isa = PBXBuildFile; fileRef = B5E5F6DC2D3D829F00A873ED /* ScheduleView.swift */; };
		B5E5F6DF2D3D82BC00A873ED /* SearchBarView.swift in Sources */ = {isa = PBXBuildFile; fileRef = B5E5F6DE2D3D82BC00A873ED /* SearchBarView.swift */; };
		B5E5F6E22D3DABF700A873ED /* CitiesViewModel.swift in Sources */ = {isa = PBXBuildFile; fileRef = B5E5F6E12D3DABF700A873ED /* CitiesViewModel.swift */; };
		B5E5F6E52D3DAC7E00A873ED /* ErrorModel.swift in Sources */ = {isa = PBXBuildFile; fileRef = B5E5F6E42D3DAC7E00A873ED /* ErrorModel.swift */; };
		B5E5F6E82D3DAC9C00A873ED /* StationModel.swift in Sources */ = {isa = PBXBuildFile; fileRef = B5E5F6E72D3DAC9C00A873ED /* StationModel.swift */; };
		B5E5F6EB2D3DC16F00A873ED /* CityModel.swift in Sources */ = {isa = PBXBuildFile; fileRef = B5E5F6EA2D3DC16F00A873ED /* CityModel.swift */; };
		B5E5F6ED2D3DD8FA00A873ED /* LoadingState.swift in Sources */ = {isa = PBXBuildFile; fileRef = B5E5F6EC2D3DD8FA00A873ED /* LoadingState.swift */; };
		B5E5F6F02D3DDFD500A873ED /* DateFormatter+Extensions.swift in Sources */ = {isa = PBXBuildFile; fileRef = B5E5F6EF2D3DDFD500A873ED /* DateFormatter+Extensions.swift */; };
		B5E5F6F22D3ECE5100A873ED /* RouteModel.swift in Sources */ = {isa = PBXBuildFile; fileRef = B5E5F6F12D3ECE5100A873ED /* RouteModel.swift */; };
		B5E5F6F52D3ECED600A873ED /* Router.swift in Sources */ = {isa = PBXBuildFile; fileRef = B5E5F6F42D3ECED600A873ED /* Router.swift */; };
		B5E5F6F72D3ED13F00A873ED /* RouterView.swift in Sources */ = {isa = PBXBuildFile; fileRef = B5E5F6F62D3ED13F00A873ED /* RouterView.swift */; };
		B5E5F6FD2D3F1ADA00A873ED /* SearchMachine.swift in Sources */ = {isa = PBXBuildFile; fileRef = B5E5F6FC2D3F1ADA00A873ED /* SearchMachine.swift */; };
		B5E5F7002D3F21B900A873ED /* DirectionsModel.swift in Sources */ = {isa = PBXBuildFile; fileRef = B5E5F6FF2D3F21B900A873ED /* DirectionsModel.swift */; };
		B5E5F7022D40538400A873ED /* UINavigationController+Extensions.swift in Sources */ = {isa = PBXBuildFile; fileRef = B5E5F7012D40538400A873ED /* UINavigationController+Extensions.swift */; };
		B5E5F7052D4053C100A873ED /* CitiesListView.swift in Sources */ = {isa = PBXBuildFile; fileRef = B5E5F7042D4053C100A873ED /* CitiesListView.swift */; };
		B5E5F70A2D40805100A873ED /* StationsListView.swift in Sources */ = {isa = PBXBuildFile; fileRef = B5E5F7092D40805100A873ED /* StationsListView.swift */; };
		B5E5F70E2D41716900A873ED /* Localizable.stringsdict in Resources */ = {isa = PBXBuildFile; fileRef = B5E5F70C2D41716900A873ED /* Localizable.stringsdict */; };
		B5E5F7112D41731200A873ED /* PathModel.swift in Sources */ = {isa = PBXBuildFile; fileRef = B5E5F7102D41731200A873ED /* PathModel.swift */; };
		B5E5F7162D417D6600A873ED /* ScheduleViewModel.swift in Sources */ = {isa = PBXBuildFile; fileRef = B5E5F7152D417D6600A873ED /* ScheduleViewModel.swift */; };
		B5E5F7192D41950300A873ED /* CarrierInfoModel.swift in Sources */ = {isa = PBXBuildFile; fileRef = B5E5F7182D41950300A873ED /* CarrierInfoModel.swift */; };
		B5E5F71B2D41A9E400A873ED /* CarrierListView.swift in Sources */ = {isa = PBXBuildFile; fileRef = B5E5F71A2D41A9E400A873ED /* CarrierListView.swift */; };
		B5E5F71E2D41A9F400A873ED /* CarrierListRow.swift in Sources */ = {isa = PBXBuildFile; fileRef = B5E5F71D2D41A9F400A873ED /* CarrierListRow.swift */; };
/* End PBXBuildFile section */

/* Begin PBXContainerItemProxy section */
		B512BBAB2D3C3D4600AE9AB7 /* PBXContainerItemProxy */ = {
			isa = PBXContainerItemProxy;
			containerPortal = B512BB792D3C3C6C00AE9AB7 /* Project object */;
			proxyType = 1;
			remoteGlobalIDString = B512BB802D3C3C6C00AE9AB7;
			remoteInfo = TravelSchedule;
		};
/* End PBXContainerItemProxy section */

/* Begin PBXFileReference section */
		B512BB812D3C3C6C00AE9AB7 /* TravelSchedule.app */ = {isa = PBXFileReference; explicitFileType = wrapper.application; includeInIndex = 0; path = TravelSchedule.app; sourceTree = BUILT_PRODUCTS_DIR; };
		B512BB842D3C3C6C00AE9AB7 /* TravelScheduleApp.swift */ = {isa = PBXFileReference; lastKnownFileType = sourcecode.swift; path = TravelScheduleApp.swift; sourceTree = "<group>"; };
		B512BB862D3C3C6C00AE9AB7 /* ContentView.swift */ = {isa = PBXFileReference; lastKnownFileType = sourcecode.swift; path = ContentView.swift; sourceTree = "<group>"; };
		B512BB882D3C3C6D00AE9AB7 /* Assets.xcassets */ = {isa = PBXFileReference; lastKnownFileType = folder.assetcatalog; path = Assets.xcassets; sourceTree = "<group>"; };
		B512BB8B2D3C3C6D00AE9AB7 /* Preview Assets.xcassets */ = {isa = PBXFileReference; lastKnownFileType = folder.assetcatalog; path = "Preview Assets.xcassets"; sourceTree = "<group>"; };
		B512BB9E2D3C3D2500AE9AB7 /* openapi.yaml */ = {isa = PBXFileReference; fileEncoding = 4; lastKnownFileType = text.yaml; name = openapi.yaml; path = "../../../../../../../Volumes/ADATA NH13/iOS dev/TrainsSchedule/TrainsSchedule/openapi/openapi.yaml"; sourceTree = "<group>"; };
		B512BB9F2D3C3D2500AE9AB7 /* openapi-generator-config.yaml */ = {isa = PBXFileReference; fileEncoding = 4; lastKnownFileType = text.yaml; name = "openapi-generator-config.yaml"; path = "../../../../../../../Volumes/ADATA NH13/iOS dev/TrainsSchedule/TrainsSchedule/openapi/openapi-generator-config.yaml"; sourceTree = "<group>"; };
		B512BBA72D3C3D4600AE9AB7 /* TravelScheduleTests.xctest */ = {isa = PBXFileReference; explicitFileType = wrapper.cfbundle; includeInIndex = 0; path = TravelScheduleTests.xctest; sourceTree = BUILT_PRODUCTS_DIR; };
		B512BBA92D3C3D4600AE9AB7 /* TravelScheduleTests.swift */ = {isa = PBXFileReference; lastKnownFileType = sourcecode.swift; path = TravelScheduleTests.swift; sourceTree = "<group>"; };
		B512BBB62D3C3D9A00AE9AB7 /* CopyrightService.swift */ = {isa = PBXFileReference; fileEncoding = 4; lastKnownFileType = sourcecode.swift; name = CopyrightService.swift; path = "../../../../../../../../Volumes/ADATA NH13/iOS dev/TrainsSchedule/TrainsSchedule/NetworkServices/CopyrightService.swift"; sourceTree = "<group>"; };
		B512BBB72D3C3D9A00AE9AB7 /* ScheduleBetweenService.swift */ = {isa = PBXFileReference; fileEncoding = 4; lastKnownFileType = sourcecode.swift; name = ScheduleBetweenService.swift; path = "../../../../../../../../Volumes/ADATA NH13/iOS dev/TrainsSchedule/TrainsSchedule/NetworkServices/ScheduleBetweenService.swift"; sourceTree = "<group>"; };
		B512BBB82D3C3D9A00AE9AB7 /* NearestSettlementService.swift */ = {isa = PBXFileReference; fileEncoding = 4; lastKnownFileType = sourcecode.swift; name = NearestSettlementService.swift; path = "../../../../../../../../Volumes/ADATA NH13/iOS dev/TrainsSchedule/TrainsSchedule/NetworkServices/NearestSettlementService.swift"; sourceTree = "<group>"; };
		B512BBB92D3C3D9A00AE9AB7 /* ScheduleForStation.swift */ = {isa = PBXFileReference; fileEncoding = 4; lastKnownFileType = sourcecode.swift; name = ScheduleForStation.swift; path = "../../../../../../../../Volumes/ADATA NH13/iOS dev/TrainsSchedule/TrainsSchedule/NetworkServices/ScheduleForStation.swift"; sourceTree = "<group>"; };
		B512BBBB2D3C3D9A00AE9AB7 /* StationsListService.swift */ = {isa = PBXFileReference; fileEncoding = 4; lastKnownFileType = sourcecode.swift; name = StationsListService.swift; path = "../../../../../../../../Volumes/ADATA NH13/iOS dev/TrainsSchedule/TrainsSchedule/NetworkServices/StationsListService.swift"; sourceTree = "<group>"; };
		B512BBBC2D3C3D9A00AE9AB7 /* ThreadStationsService.swift */ = {isa = PBXFileReference; fileEncoding = 4; lastKnownFileType = sourcecode.swift; name = ThreadStationsService.swift; path = "../../../../../../../../Volumes/ADATA NH13/iOS dev/TrainsSchedule/TrainsSchedule/NetworkServices/ThreadStationsService.swift"; sourceTree = "<group>"; };
		B512BBBD2D3C3D9A00AE9AB7 /* NearestStationsService.swift */ = {isa = PBXFileReference; fileEncoding = 4; lastKnownFileType = sourcecode.swift; name = NearestStationsService.swift; path = "../../../../../../../../Volumes/ADATA NH13/iOS dev/TrainsSchedule/TrainsSchedule/NetworkServices/NearestStationsService.swift"; sourceTree = "<group>"; };
		B512BBBE2D3C3D9A00AE9AB7 /* CarrierService.swift */ = {isa = PBXFileReference; fileEncoding = 4; lastKnownFileType = sourcecode.swift; name = CarrierService.swift; path = "../../../../../../../../Volumes/ADATA NH13/iOS dev/TrainsSchedule/TrainsSchedule/NetworkServices/CarrierService.swift"; sourceTree = "<group>"; };
		B512BBC92D3C3DE400AE9AB7 /* JSONDecoder+Extensions.swift */ = {isa = PBXFileReference; fileEncoding = 4; lastKnownFileType = sourcecode.swift; name = "JSONDecoder+Extensions.swift"; path = "../../../../../../../Volumes/ADATA NH13/iOS dev/TrainsSchedule/TrainsSchedule/Helpers/JSONDecoder+Extensions.swift"; sourceTree = "<group>"; };
		B512BBCE2D3C3EF000AE9AB7 /* Constants.swift */ = {isa = PBXFileReference; lastKnownFileType = sourcecode.swift; path = Constants.swift; sourceTree = "<group>"; };
		B5D33E372D3C3FD000C82128 /* NetworkManager.swift */ = {isa = PBXFileReference; fileEncoding = 4; lastKnownFileType = sourcecode.swift; name = NetworkManager.swift; path = "../../../../../../../Volumes/ADATA NH13/iOS dev/TrainsSchedule/TrainsSchedule/NetworkServices/NetworkManager.swift"; sourceTree = "<group>"; };
		B5E5F6CC2D3D643C00A873ED /* ErrorView.swift */ = {isa = PBXFileReference; lastKnownFileType = sourcecode.swift; path = ErrorView.swift; sourceTree = "<group>"; };
		B5E5F6CF2D3D7BD000A873ED /* UserAgreementWebView.swift */ = {isa = PBXFileReference; lastKnownFileType = sourcecode.swift; path = UserAgreementWebView.swift; sourceTree = "<group>"; };
		B5E5F6D22D3D7D6F00A873ED /* UserAgreementView.swift */ = {isa = PBXFileReference; lastKnownFileType = sourcecode.swift; path = UserAgreementView.swift; sourceTree = "<group>"; };
		B5E5F6D52D3D7FB400A873ED /* ListRowView.swift */ = {isa = PBXFileReference; lastKnownFileType = sourcecode.swift; path = ListRowView.swift; sourceTree = "<group>"; };
		B5E5F6D82D3D7FF000A873ED /* SettingsView.swift */ = {isa = PBXFileReference; lastKnownFileType = sourcecode.swift; path = SettingsView.swift; sourceTree = "<group>"; };
		B5E5F6DC2D3D829F00A873ED /* ScheduleView.swift */ = {isa = PBXFileReference; lastKnownFileType = sourcecode.swift; path = ScheduleView.swift; sourceTree = "<group>"; };
		B5E5F6DE2D3D82BC00A873ED /* SearchBarView.swift */ = {isa = PBXFileReference; lastKnownFileType = sourcecode.swift; path = SearchBarView.swift; sourceTree = "<group>"; };
		B5E5F6E12D3DABF700A873ED /* CitiesViewModel.swift */ = {isa = PBXFileReference; lastKnownFileType = sourcecode.swift; path = CitiesViewModel.swift; sourceTree = "<group>"; };
		B5E5F6E42D3DAC7E00A873ED /* ErrorModel.swift */ = {isa = PBXFileReference; lastKnownFileType = sourcecode.swift; path = ErrorModel.swift; sourceTree = "<group>"; };
		B5E5F6E72D3DAC9C00A873ED /* StationModel.swift */ = {isa = PBXFileReference; lastKnownFileType = sourcecode.swift; path = StationModel.swift; sourceTree = "<group>"; };
		B5E5F6EA2D3DC16F00A873ED /* CityModel.swift */ = {isa = PBXFileReference; lastKnownFileType = sourcecode.swift; path = CityModel.swift; sourceTree = "<group>"; };
		B5E5F6EC2D3DD8FA00A873ED /* LoadingState.swift */ = {isa = PBXFileReference; lastKnownFileType = sourcecode.swift; path = LoadingState.swift; sourceTree = "<group>"; };
		B5E5F6EF2D3DDFD500A873ED /* DateFormatter+Extensions.swift */ = {isa = PBXFileReference; lastKnownFileType = sourcecode.swift; path = "DateFormatter+Extensions.swift"; sourceTree = "<group>"; };
		B5E5F6F12D3ECE5100A873ED /* RouteModel.swift */ = {isa = PBXFileReference; lastKnownFileType = sourcecode.swift; path = RouteModel.swift; sourceTree = "<group>"; };
		B5E5F6F42D3ECED600A873ED /* Router.swift */ = {isa = PBXFileReference; lastKnownFileType = sourcecode.swift; path = Router.swift; sourceTree = "<group>"; };
		B5E5F6F62D3ED13F00A873ED /* RouterView.swift */ = {isa = PBXFileReference; lastKnownFileType = sourcecode.swift; path = RouterView.swift; sourceTree = "<group>"; };
		B5E5F6FC2D3F1ADA00A873ED /* SearchMachine.swift */ = {isa = PBXFileReference; lastKnownFileType = sourcecode.swift; path = SearchMachine.swift; sourceTree = "<group>"; };
		B5E5F6FF2D3F21B900A873ED /* DirectionsModel.swift */ = {isa = PBXFileReference; lastKnownFileType = sourcecode.swift; path = DirectionsModel.swift; sourceTree = "<group>"; };
		B5E5F7012D40538400A873ED /* UINavigationController+Extensions.swift */ = {isa = PBXFileReference; lastKnownFileType = sourcecode.swift; path = "UINavigationController+Extensions.swift"; sourceTree = "<group>"; };
		B5E5F7042D4053C100A873ED /* CitiesListView.swift */ = {isa = PBXFileReference; lastKnownFileType = sourcecode.swift; path = CitiesListView.swift; sourceTree = "<group>"; };
		B5E5F7092D40805100A873ED /* StationsListView.swift */ = {isa = PBXFileReference; lastKnownFileType = sourcecode.swift; path = StationsListView.swift; sourceTree = "<group>"; };
		B5E5F70D2D41716900A873ED /* en */ = {isa = PBXFileReference; lastKnownFileType = text.plist.stringsdict; name = en; path = en.lproj/Localizable.stringsdict; sourceTree = "<group>"; };
		B5E5F7102D41731200A873ED /* PathModel.swift */ = {isa = PBXFileReference; lastKnownFileType = sourcecode.swift; path = PathModel.swift; sourceTree = "<group>"; };
		B5E5F7152D417D6600A873ED /* ScheduleViewModel.swift */ = {isa = PBXFileReference; lastKnownFileType = sourcecode.swift; path = ScheduleViewModel.swift; sourceTree = "<group>"; };
		B5E5F7182D41950300A873ED /* CarrierInfoModel.swift */ = {isa = PBXFileReference; lastKnownFileType = sourcecode.swift; path = CarrierInfoModel.swift; sourceTree = "<group>"; };
		B5E5F71A2D41A9E400A873ED /* CarrierListView.swift */ = {isa = PBXFileReference; lastKnownFileType = sourcecode.swift; path = CarrierListView.swift; sourceTree = "<group>"; };
		B5E5F71D2D41A9F400A873ED /* CarrierListRow.swift */ = {isa = PBXFileReference; lastKnownFileType = sourcecode.swift; path = CarrierListRow.swift; sourceTree = "<group>"; };
/* End PBXFileReference section */

/* Begin PBXFrameworksBuildPhase section */
		B512BB7E2D3C3C6C00AE9AB7 /* Frameworks */ = {
			isa = PBXFrameworksBuildPhase;
			buildActionMask = 2147483647;
			files = (
				B512BB972D3C3CE300AE9AB7 /* OpenAPIRuntime in Frameworks */,
				B512BB942D3C3CDE00AE9AB7 /* OpenAPIURLSession in Frameworks */,
			);
			runOnlyForDeploymentPostprocessing = 0;
		};
		B512BBA42D3C3D4600AE9AB7 /* Frameworks */ = {
			isa = PBXFrameworksBuildPhase;
			buildActionMask = 2147483647;
			files = (
			);
			runOnlyForDeploymentPostprocessing = 0;
		};
/* End PBXFrameworksBuildPhase section */

/* Begin PBXGroup section */
		B512BB782D3C3C6C00AE9AB7 = {
			isa = PBXGroup;
			children = (
				B512BB832D3C3C6C00AE9AB7 /* TravelSchedule */,
				B512BBA82D3C3D4600AE9AB7 /* TravelScheduleTests */,
				B512BB822D3C3C6C00AE9AB7 /* Products */,
			);
			sourceTree = "<group>";
		};
		B512BB822D3C3C6C00AE9AB7 /* Products */ = {
			isa = PBXGroup;
			children = (
				B512BB812D3C3C6C00AE9AB7 /* TravelSchedule.app */,
				B512BBA72D3C3D4600AE9AB7 /* TravelScheduleTests.xctest */,
			);
			name = Products;
			sourceTree = "<group>";
		};
		B512BB832D3C3C6C00AE9AB7 /* TravelSchedule */ = {
			isa = PBXGroup;
			children = (
				B512BBB42D3C3D7400AE9AB7 /* Models */,
				B512BBB32D3C3D6E00AE9AB7 /* Views */,
				B512BBB22D3C3D6600AE9AB7 /* ViewModels */,
				B512BBB12D3C3D5900AE9AB7 /* Services */,
				B512BBB02D3C3D5300AE9AB7 /* Helpers */,
				B512BB842D3C3C6C00AE9AB7 /* TravelScheduleApp.swift */,
				B512BB862D3C3C6C00AE9AB7 /* ContentView.swift */,
				B5E5F70B2D41714800A873ED /* Resources */,
				B512BB9D2D3C3D0700AE9AB7 /* openAPI */,
				B512BB882D3C3C6D00AE9AB7 /* Assets.xcassets */,
				B512BB8A2D3C3C6D00AE9AB7 /* Preview Content */,
			);
			path = TravelSchedule;
			sourceTree = "<group>";
		};
		B512BB8A2D3C3C6D00AE9AB7 /* Preview Content */ = {
			isa = PBXGroup;
			children = (
				B512BB8B2D3C3C6D00AE9AB7 /* Preview Assets.xcassets */,
			);
			path = "Preview Content";
			sourceTree = "<group>";
		};
		B512BB9D2D3C3D0700AE9AB7 /* openAPI */ = {
			isa = PBXGroup;
			children = (
				B512BB9F2D3C3D2500AE9AB7 /* openapi-generator-config.yaml */,
				B512BB9E2D3C3D2500AE9AB7 /* openapi.yaml */,
			);
			path = openAPI;
			sourceTree = "<group>";
		};
		B512BBA82D3C3D4600AE9AB7 /* TravelScheduleTests */ = {
			isa = PBXGroup;
			children = (
				B512BBA92D3C3D4600AE9AB7 /* TravelScheduleTests.swift */,
			);
			path = TravelScheduleTests;
			sourceTree = "<group>";
		};
		B512BBB02D3C3D5300AE9AB7 /* Helpers */ = {
			isa = PBXGroup;
			children = (
				B5E5F6FC2D3F1ADA00A873ED /* SearchMachine.swift */,
				B5E5F6F42D3ECED600A873ED /* Router.swift */,
				B5E5F6EC2D3DD8FA00A873ED /* LoadingState.swift */,
				B512BBC92D3C3DE400AE9AB7 /* JSONDecoder+Extensions.swift */,
				B512BBCE2D3C3EF000AE9AB7 /* Constants.swift */,
				B5E5F6EF2D3DDFD500A873ED /* DateFormatter+Extensions.swift */,
				B5E5F7012D40538400A873ED /* UINavigationController+Extensions.swift */,
			);
			path = Helpers;
			sourceTree = "<group>";
		};
		B512BBB12D3C3D5900AE9AB7 /* Services */ = {
			isa = PBXGroup;
			children = (
				B5D33E372D3C3FD000C82128 /* NetworkManager.swift */,
				B512BBB52D3C3D7F00AE9AB7 /* NetworkServices */,
			);
			path = Services;
			sourceTree = "<group>";
		};
		B512BBB22D3C3D6600AE9AB7 /* ViewModels */ = {
			isa = PBXGroup;
			children = (
				B5E5F6E12D3DABF700A873ED /* CitiesViewModel.swift */,
				B5E5F7152D417D6600A873ED /* ScheduleViewModel.swift */,
			);
			path = ViewModels;
			sourceTree = "<group>";
		};
		B512BBB32D3C3D6E00AE9AB7 /* Views */ = {
			isa = PBXGroup;
			children = (
				B5E5F6CC2D3D643C00A873ED /* ErrorView.swift */,
				B5E5F6CF2D3D7BD000A873ED /* UserAgreementWebView.swift */,
				B5E5F6D22D3D7D6F00A873ED /* UserAgreementView.swift */,
				B5E5F6D52D3D7FB400A873ED /* ListRowView.swift */,
				B5E5F6D82D3D7FF000A873ED /* SettingsView.swift */,
				B5E5F6DC2D3D829F00A873ED /* ScheduleView.swift */,
				B5E5F6DE2D3D82BC00A873ED /* SearchBarView.swift */,
				B5E5F6F62D3ED13F00A873ED /* RouterView.swift */,
				B5E5F7042D4053C100A873ED /* CitiesListView.swift */,
				B5E5F7092D40805100A873ED /* StationsListView.swift */,
				B5E5F71A2D41A9E400A873ED /* CarrierListView.swift */,
				B5E5F71D2D41A9F400A873ED /* CarrierListRow.swift */,
			);
			path = Views;
			sourceTree = "<group>";
		};
		B512BBB42D3C3D7400AE9AB7 /* Models */ = {
			isa = PBXGroup;
			children = (
				B5E5F6E42D3DAC7E00A873ED /* ErrorModel.swift */,
				B5E5F6E72D3DAC9C00A873ED /* StationModel.swift */,
				B5E5F6EA2D3DC16F00A873ED /* CityModel.swift */,
				B5E5F6F12D3ECE5100A873ED /* RouteModel.swift */,
				B5E5F6FF2D3F21B900A873ED /* DirectionsModel.swift */,
				B5E5F7102D41731200A873ED /* PathModel.swift */,
				B5E5F7182D41950300A873ED /* CarrierInfoModel.swift */,
			);
			path = Models;
			sourceTree = "<group>";
		};
		B512BBB52D3C3D7F00AE9AB7 /* NetworkServices */ = {
			isa = PBXGroup;
			children = (
				B512BBBD2D3C3D9A00AE9AB7 /* NearestStationsService.swift */,
				B512BBBE2D3C3D9A00AE9AB7 /* CarrierService.swift */,
				B512BBB62D3C3D9A00AE9AB7 /* CopyrightService.swift */,
				B512BBB82D3C3D9A00AE9AB7 /* NearestSettlementService.swift */,
				B512BBB72D3C3D9A00AE9AB7 /* ScheduleBetweenService.swift */,
				B512BBB92D3C3D9A00AE9AB7 /* ScheduleForStation.swift */,
				B512BBBB2D3C3D9A00AE9AB7 /* StationsListService.swift */,
				B512BBBC2D3C3D9A00AE9AB7 /* ThreadStationsService.swift */,
			);
			path = NetworkServices;
			sourceTree = "<group>";
		};
		B5E5F70B2D41714800A873ED /* Resources */ = {
			isa = PBXGroup;
			children = (
				B5E5F70C2D41716900A873ED /* Localizable.stringsdict */,
			);
			path = Resources;
			sourceTree = "<group>";
		};
/* End PBXGroup section */

/* Begin PBXNativeTarget section */
		B512BB802D3C3C6C00AE9AB7 /* TravelSchedule */ = {
			isa = PBXNativeTarget;
			buildConfigurationList = B512BB8F2D3C3C6D00AE9AB7 /* Build configuration list for PBXNativeTarget "TravelSchedule" */;
			buildPhases = (
				B512BB7D2D3C3C6C00AE9AB7 /* Sources */,
				B512BB7E2D3C3C6C00AE9AB7 /* Frameworks */,
				B512BB7F2D3C3C6C00AE9AB7 /* Resources */,
			);
			buildRules = (
			);
			dependencies = (
				B512BB9C2D3C3D0000AE9AB7 /* PBXTargetDependency */,
			);
			name = TravelSchedule;
			packageProductDependencies = (
				B512BB932D3C3CDE00AE9AB7 /* OpenAPIURLSession */,
				B512BB962D3C3CE300AE9AB7 /* OpenAPIRuntime */,
			);
			productName = TravelSchedule;
			productReference = B512BB812D3C3C6C00AE9AB7 /* TravelSchedule.app */;
			productType = "com.apple.product-type.application";
		};
		B512BBA62D3C3D4600AE9AB7 /* TravelScheduleTests */ = {
			isa = PBXNativeTarget;
			buildConfigurationList = B512BBAD2D3C3D4600AE9AB7 /* Build configuration list for PBXNativeTarget "TravelScheduleTests" */;
			buildPhases = (
				B512BBA32D3C3D4600AE9AB7 /* Sources */,
				B512BBA42D3C3D4600AE9AB7 /* Frameworks */,
				B512BBA52D3C3D4600AE9AB7 /* Resources */,
			);
			buildRules = (
			);
			dependencies = (
				B512BBAC2D3C3D4600AE9AB7 /* PBXTargetDependency */,
			);
			name = TravelScheduleTests;
			productName = TravelScheduleTests;
			productReference = B512BBA72D3C3D4600AE9AB7 /* TravelScheduleTests.xctest */;
			productType = "com.apple.product-type.bundle.unit-test";
		};
/* End PBXNativeTarget section */

/* Begin PBXProject section */
		B512BB792D3C3C6C00AE9AB7 /* Project object */ = {
			isa = PBXProject;
			attributes = {
				BuildIndependentTargetsInParallel = 1;
				LastSwiftUpdateCheck = 1540;
				LastUpgradeCheck = 1540;
				TargetAttributes = {
					B512BB802D3C3C6C00AE9AB7 = {
						CreatedOnToolsVersion = 15.4;
					};
					B512BBA62D3C3D4600AE9AB7 = {
						CreatedOnToolsVersion = 15.4;
						TestTargetID = B512BB802D3C3C6C00AE9AB7;
					};
				};
			};
			buildConfigurationList = B512BB7C2D3C3C6C00AE9AB7 /* Build configuration list for PBXProject "TravelSchedule" */;
			compatibilityVersion = "Xcode 14.0";
			developmentRegion = en;
			hasScannedForEncodings = 0;
			knownRegions = (
				en,
				Base,
			);
			mainGroup = B512BB782D3C3C6C00AE9AB7;
			packageReferences = (
				B512BB922D3C3CDE00AE9AB7 /* XCRemoteSwiftPackageReference "swift-openapi-urlsession" */,
				B512BB952D3C3CE300AE9AB7 /* XCRemoteSwiftPackageReference "swift-openapi-runtime" */,
				B512BB982D3C3CE900AE9AB7 /* XCRemoteSwiftPackageReference "swift-openapi-generator" */,
			);
			productRefGroup = B512BB822D3C3C6C00AE9AB7 /* Products */;
			projectDirPath = "";
			projectRoot = "";
			targets = (
				B512BB802D3C3C6C00AE9AB7 /* TravelSchedule */,
				B512BBA62D3C3D4600AE9AB7 /* TravelScheduleTests */,
			);
		};
/* End PBXProject section */

/* Begin PBXResourcesBuildPhase section */
		B512BB7F2D3C3C6C00AE9AB7 /* Resources */ = {
			isa = PBXResourcesBuildPhase;
			buildActionMask = 2147483647;
			files = (
				B512BB8C2D3C3C6D00AE9AB7 /* Preview Assets.xcassets in Resources */,
				B512BBA12D3C3D2500AE9AB7 /* openapi-generator-config.yaml in Resources */,
				B512BB892D3C3C6D00AE9AB7 /* Assets.xcassets in Resources */,
				B5E5F70E2D41716900A873ED /* Localizable.stringsdict in Resources */,
				B512BBA02D3C3D2500AE9AB7 /* openapi.yaml in Resources */,
			);
			runOnlyForDeploymentPostprocessing = 0;
		};
		B512BBA52D3C3D4600AE9AB7 /* Resources */ = {
			isa = PBXResourcesBuildPhase;
			buildActionMask = 2147483647;
			files = (
			);
			runOnlyForDeploymentPostprocessing = 0;
		};
/* End PBXResourcesBuildPhase section */

/* Begin PBXSourcesBuildPhase section */
		B512BB7D2D3C3C6C00AE9AB7 /* Sources */ = {
			isa = PBXSourcesBuildPhase;
			buildActionMask = 2147483647;
			files = (
				B5E5F6DF2D3D82BC00A873ED /* SearchBarView.swift in Sources */,
				B5E5F6FD2D3F1ADA00A873ED /* SearchMachine.swift in Sources */,
				B512BB872D3C3C6C00AE9AB7 /* ContentView.swift in Sources */,
				B5E5F7002D3F21B900A873ED /* DirectionsModel.swift in Sources */,
				B512BBC22D3C3D9A00AE9AB7 /* ScheduleForStation.swift in Sources */,
				B512BBC12D3C3D9A00AE9AB7 /* NearestSettlementService.swift in Sources */,
				B5E5F6E52D3DAC7E00A873ED /* ErrorModel.swift in Sources */,
				B5E5F7052D4053C100A873ED /* CitiesListView.swift in Sources */,
				B5E5F6F72D3ED13F00A873ED /* RouterView.swift in Sources */,
				B5E5F6D92D3D7FF000A873ED /* SettingsView.swift in Sources */,
				B5E5F7022D40538400A873ED /* UINavigationController+Extensions.swift in Sources */,
				B5D33E382D3C3FD000C82128 /* NetworkManager.swift in Sources */,
				B5E5F6E82D3DAC9C00A873ED /* StationModel.swift in Sources */,
				B5E5F70A2D40805100A873ED /* StationsListView.swift in Sources */,
				B5E5F6D32D3D7D6F00A873ED /* UserAgreementView.swift in Sources */,
				B5E5F71E2D41A9F400A873ED /* CarrierListRow.swift in Sources */,
				B512BBC52D3C3D9A00AE9AB7 /* ThreadStationsService.swift in Sources */,
				B512BBC72D3C3D9A00AE9AB7 /* CarrierService.swift in Sources */,
				B512BB852D3C3C6C00AE9AB7 /* TravelScheduleApp.swift in Sources */,
				B5E5F6F22D3ECE5100A873ED /* RouteModel.swift in Sources */,
				B5E5F6E22D3DABF700A873ED /* CitiesViewModel.swift in Sources */,
				B512BBCF2D3C3EF000AE9AB7 /* Constants.swift in Sources */,
				B5E5F71B2D41A9E400A873ED /* CarrierListView.swift in Sources */,
				B512BBBF2D3C3D9A00AE9AB7 /* CopyrightService.swift in Sources */,
				B512BBCA2D3C3DE400AE9AB7 /* JSONDecoder+Extensions.swift in Sources */,
				B512BBC42D3C3D9A00AE9AB7 /* StationsListService.swift in Sources */,
				B5E5F6D02D3D7BD000A873ED /* UserAgreementWebView.swift in Sources */,
				B5E5F6CD2D3D643C00A873ED /* ErrorView.swift in Sources */,
				B512BBC02D3C3D9A00AE9AB7 /* ScheduleBetweenService.swift in Sources */,
				B5E5F6EB2D3DC16F00A873ED /* CityModel.swift in Sources */,
				B5E5F6D62D3D7FB400A873ED /* ListRowView.swift in Sources */,
				B5E5F7192D41950300A873ED /* CarrierInfoModel.swift in Sources */,
				B5E5F6ED2D3DD8FA00A873ED /* LoadingState.swift in Sources */,
				B5E5F6F52D3ECED600A873ED /* Router.swift in Sources */,
				B5E5F7162D417D6600A873ED /* ScheduleViewModel.swift in Sources */,
				B512BBC62D3C3D9A00AE9AB7 /* NearestStationsService.swift in Sources */,
				B5E5F7112D41731200A873ED /* PathModel.swift in Sources */,
				B5E5F6F02D3DDFD500A873ED /* DateFormatter+Extensions.swift in Sources */,
				B5E5F6DD2D3D829F00A873ED /* ScheduleView.swift in Sources */,
			);
			runOnlyForDeploymentPostprocessing = 0;
		};
		B512BBA32D3C3D4600AE9AB7 /* Sources */ = {
			isa = PBXSourcesBuildPhase;
			buildActionMask = 2147483647;
			files = (
				B512BBAA2D3C3D4600AE9AB7 /* TravelScheduleTests.swift in Sources */,
			);
			runOnlyForDeploymentPostprocessing = 0;
		};
/* End PBXSourcesBuildPhase section */

/* Begin PBXTargetDependency section */
		B512BB9C2D3C3D0000AE9AB7 /* PBXTargetDependency */ = {
			isa = PBXTargetDependency;
			productRef = B512BB9B2D3C3D0000AE9AB7 /* OpenAPIGenerator */;
		};
		B512BBAC2D3C3D4600AE9AB7 /* PBXTargetDependency */ = {
			isa = PBXTargetDependency;
			target = B512BB802D3C3C6C00AE9AB7 /* TravelSchedule */;
			targetProxy = B512BBAB2D3C3D4600AE9AB7 /* PBXContainerItemProxy */;
		};
/* End PBXTargetDependency section */

/* Begin PBXVariantGroup section */
		B5E5F70C2D41716900A873ED /* Localizable.stringsdict */ = {
			isa = PBXVariantGroup;
			children = (
				B5E5F70D2D41716900A873ED /* en */,
			);
			name = Localizable.stringsdict;
			sourceTree = "<group>";
		};
/* End PBXVariantGroup section */

/* Begin XCBuildConfiguration section */
		B512BB8D2D3C3C6D00AE9AB7 /* Debug */ = {
			isa = XCBuildConfiguration;
			buildSettings = {
				ALWAYS_SEARCH_USER_PATHS = NO;
				ASSETCATALOG_COMPILER_GENERATE_SWIFT_ASSET_SYMBOL_EXTENSIONS = YES;
				CLANG_ANALYZER_NONNULL = YES;
				CLANG_ANALYZER_NUMBER_OBJECT_CONVERSION = YES_AGGRESSIVE;
				CLANG_CXX_LANGUAGE_STANDARD = "gnu++20";
				CLANG_ENABLE_MODULES = YES;
				CLANG_ENABLE_OBJC_ARC = YES;
				CLANG_ENABLE_OBJC_WEAK = YES;
				CLANG_WARN_BLOCK_CAPTURE_AUTORELEASING = YES;
				CLANG_WARN_BOOL_CONVERSION = YES;
				CLANG_WARN_COMMA = YES;
				CLANG_WARN_CONSTANT_CONVERSION = YES;
				CLANG_WARN_DEPRECATED_OBJC_IMPLEMENTATIONS = YES;
				CLANG_WARN_DIRECT_OBJC_ISA_USAGE = YES_ERROR;
				CLANG_WARN_DOCUMENTATION_COMMENTS = YES;
				CLANG_WARN_EMPTY_BODY = YES;
				CLANG_WARN_ENUM_CONVERSION = YES;
				CLANG_WARN_INFINITE_RECURSION = YES;
				CLANG_WARN_INT_CONVERSION = YES;
				CLANG_WARN_NON_LITERAL_NULL_CONVERSION = YES;
				CLANG_WARN_OBJC_IMPLICIT_RETAIN_SELF = YES;
				CLANG_WARN_OBJC_LITERAL_CONVERSION = YES;
				CLANG_WARN_OBJC_ROOT_CLASS = YES_ERROR;
				CLANG_WARN_QUOTED_INCLUDE_IN_FRAMEWORK_HEADER = YES;
				CLANG_WARN_RANGE_LOOP_ANALYSIS = YES;
				CLANG_WARN_STRICT_PROTOTYPES = YES;
				CLANG_WARN_SUSPICIOUS_MOVE = YES;
				CLANG_WARN_UNGUARDED_AVAILABILITY = YES_AGGRESSIVE;
				CLANG_WARN_UNREACHABLE_CODE = YES;
				CLANG_WARN__DUPLICATE_METHOD_MATCH = YES;
				COPY_PHASE_STRIP = NO;
				DEBUG_INFORMATION_FORMAT = dwarf;
				ENABLE_STRICT_OBJC_MSGSEND = YES;
				ENABLE_TESTABILITY = YES;
				ENABLE_USER_SCRIPT_SANDBOXING = YES;
				GCC_C_LANGUAGE_STANDARD = gnu17;
				GCC_DYNAMIC_NO_PIC = NO;
				GCC_NO_COMMON_BLOCKS = YES;
				GCC_OPTIMIZATION_LEVEL = 0;
				GCC_PREPROCESSOR_DEFINITIONS = (
					"DEBUG=1",
					"$(inherited)",
				);
				GCC_WARN_64_TO_32_BIT_CONVERSION = YES;
				GCC_WARN_ABOUT_RETURN_TYPE = YES_ERROR;
				GCC_WARN_UNDECLARED_SELECTOR = YES;
				GCC_WARN_UNINITIALIZED_AUTOS = YES_AGGRESSIVE;
				GCC_WARN_UNUSED_FUNCTION = YES;
				GCC_WARN_UNUSED_VARIABLE = YES;
				IPHONEOS_DEPLOYMENT_TARGET = 17.5;
				LOCALIZATION_PREFERS_STRING_CATALOGS = YES;
				MTL_ENABLE_DEBUG_INFO = INCLUDE_SOURCE;
				MTL_FAST_MATH = YES;
				ONLY_ACTIVE_ARCH = YES;
				SDKROOT = iphoneos;
				SWIFT_ACTIVE_COMPILATION_CONDITIONS = "DEBUG $(inherited)";
				SWIFT_OPTIMIZATION_LEVEL = "-Onone";
			};
			name = Debug;
		};
		B512BB8E2D3C3C6D00AE9AB7 /* Release */ = {
			isa = XCBuildConfiguration;
			buildSettings = {
				ALWAYS_SEARCH_USER_PATHS = NO;
				ASSETCATALOG_COMPILER_GENERATE_SWIFT_ASSET_SYMBOL_EXTENSIONS = YES;
				CLANG_ANALYZER_NONNULL = YES;
				CLANG_ANALYZER_NUMBER_OBJECT_CONVERSION = YES_AGGRESSIVE;
				CLANG_CXX_LANGUAGE_STANDARD = "gnu++20";
				CLANG_ENABLE_MODULES = YES;
				CLANG_ENABLE_OBJC_ARC = YES;
				CLANG_ENABLE_OBJC_WEAK = YES;
				CLANG_WARN_BLOCK_CAPTURE_AUTORELEASING = YES;
				CLANG_WARN_BOOL_CONVERSION = YES;
				CLANG_WARN_COMMA = YES;
				CLANG_WARN_CONSTANT_CONVERSION = YES;
				CLANG_WARN_DEPRECATED_OBJC_IMPLEMENTATIONS = YES;
				CLANG_WARN_DIRECT_OBJC_ISA_USAGE = YES_ERROR;
				CLANG_WARN_DOCUMENTATION_COMMENTS = YES;
				CLANG_WARN_EMPTY_BODY = YES;
				CLANG_WARN_ENUM_CONVERSION = YES;
				CLANG_WARN_INFINITE_RECURSION = YES;
				CLANG_WARN_INT_CONVERSION = YES;
				CLANG_WARN_NON_LITERAL_NULL_CONVERSION = YES;
				CLANG_WARN_OBJC_IMPLICIT_RETAIN_SELF = YES;
				CLANG_WARN_OBJC_LITERAL_CONVERSION = YES;
				CLANG_WARN_OBJC_ROOT_CLASS = YES_ERROR;
				CLANG_WARN_QUOTED_INCLUDE_IN_FRAMEWORK_HEADER = YES;
				CLANG_WARN_RANGE_LOOP_ANALYSIS = YES;
				CLANG_WARN_STRICT_PROTOTYPES = YES;
				CLANG_WARN_SUSPICIOUS_MOVE = YES;
				CLANG_WARN_UNGUARDED_AVAILABILITY = YES_AGGRESSIVE;
				CLANG_WARN_UNREACHABLE_CODE = YES;
				CLANG_WARN__DUPLICATE_METHOD_MATCH = YES;
				COPY_PHASE_STRIP = NO;
				DEBUG_INFORMATION_FORMAT = "dwarf-with-dsym";
				ENABLE_NS_ASSERTIONS = NO;
				ENABLE_STRICT_OBJC_MSGSEND = YES;
				ENABLE_USER_SCRIPT_SANDBOXING = YES;
				GCC_C_LANGUAGE_STANDARD = gnu17;
				GCC_NO_COMMON_BLOCKS = YES;
				GCC_WARN_64_TO_32_BIT_CONVERSION = YES;
				GCC_WARN_ABOUT_RETURN_TYPE = YES_ERROR;
				GCC_WARN_UNDECLARED_SELECTOR = YES;
				GCC_WARN_UNINITIALIZED_AUTOS = YES_AGGRESSIVE;
				GCC_WARN_UNUSED_FUNCTION = YES;
				GCC_WARN_UNUSED_VARIABLE = YES;
				IPHONEOS_DEPLOYMENT_TARGET = 17.5;
				LOCALIZATION_PREFERS_STRING_CATALOGS = YES;
				MTL_ENABLE_DEBUG_INFO = NO;
				MTL_FAST_MATH = YES;
				SDKROOT = iphoneos;
				SWIFT_COMPILATION_MODE = wholemodule;
				VALIDATE_PRODUCT = YES;
			};
			name = Release;
		};
		B512BB902D3C3C6D00AE9AB7 /* Debug */ = {
			isa = XCBuildConfiguration;
			buildSettings = {
				ASSETCATALOG_COMPILER_APPICON_NAME = AppIcon;
				ASSETCATALOG_COMPILER_GLOBAL_ACCENT_COLOR_NAME = AccentColor;
				CODE_SIGN_STYLE = Automatic;
				CURRENT_PROJECT_VERSION = 1;
				DEVELOPMENT_ASSET_PATHS = "\"TravelSchedule/Preview Content\"";
				DEVELOPMENT_TEAM = MP4RYSJJ7N;
				ENABLE_PREVIEWS = YES;
				GENERATE_INFOPLIST_FILE = YES;
				INFOPLIST_KEY_UIApplicationSceneManifest_Generation = YES;
				INFOPLIST_KEY_UIApplicationSupportsIndirectInputEvents = YES;
				INFOPLIST_KEY_UILaunchScreen_Generation = YES;
				INFOPLIST_KEY_UISupportedInterfaceOrientations = UIInterfaceOrientationPortrait;
				INFOPLIST_KEY_UISupportedInterfaceOrientations_iPad = "UIInterfaceOrientationLandscapeLeft UIInterfaceOrientationLandscapeRight UIInterfaceOrientationPortrait UIInterfaceOrientationPortraitUpsideDown";
				IPHONEOS_DEPLOYMENT_TARGET = 16.0;
				LD_RUNPATH_SEARCH_PATHS = (
					"$(inherited)",
					"@executable_path/Frameworks",
				);
				MARKETING_VERSION = 1.0;
				PRODUCT_BUNDLE_IDENTIFIER = com.nigga.TravelSchedule.TravelSchedule;
				PRODUCT_NAME = "$(TARGET_NAME)";
				SUPPORTED_PLATFORMS = "iphoneos iphonesimulator";
				SUPPORTS_MACCATALYST = NO;
				SUPPORTS_MAC_DESIGNED_FOR_IPHONE_IPAD = NO;
				SUPPORTS_XR_DESIGNED_FOR_IPHONE_IPAD = NO;
				SWIFT_EMIT_LOC_STRINGS = YES;
				SWIFT_VERSION = 5.0;
				TARGETED_DEVICE_FAMILY = 1;
			};
			name = Debug;
		};
		B512BB912D3C3C6D00AE9AB7 /* Release */ = {
			isa = XCBuildConfiguration;
			buildSettings = {
				ASSETCATALOG_COMPILER_APPICON_NAME = AppIcon;
				ASSETCATALOG_COMPILER_GLOBAL_ACCENT_COLOR_NAME = AccentColor;
				CODE_SIGN_STYLE = Automatic;
				CURRENT_PROJECT_VERSION = 1;
				DEVELOPMENT_ASSET_PATHS = "\"TravelSchedule/Preview Content\"";
				DEVELOPMENT_TEAM = MP4RYSJJ7N;
				ENABLE_PREVIEWS = YES;
				GENERATE_INFOPLIST_FILE = YES;
				INFOPLIST_KEY_UIApplicationSceneManifest_Generation = YES;
				INFOPLIST_KEY_UIApplicationSupportsIndirectInputEvents = YES;
				INFOPLIST_KEY_UILaunchScreen_Generation = YES;
				INFOPLIST_KEY_UISupportedInterfaceOrientations = UIInterfaceOrientationPortrait;
				INFOPLIST_KEY_UISupportedInterfaceOrientations_iPad = "UIInterfaceOrientationLandscapeLeft UIInterfaceOrientationLandscapeRight UIInterfaceOrientationPortrait UIInterfaceOrientationPortraitUpsideDown";
				IPHONEOS_DEPLOYMENT_TARGET = 16.0;
				LD_RUNPATH_SEARCH_PATHS = (
					"$(inherited)",
					"@executable_path/Frameworks",
				);
				MARKETING_VERSION = 1.0;
				PRODUCT_BUNDLE_IDENTIFIER = com.nigga.TravelSchedule.TravelSchedule;
				PRODUCT_NAME = "$(TARGET_NAME)";
				SUPPORTED_PLATFORMS = "iphoneos iphonesimulator";
				SUPPORTS_MACCATALYST = NO;
				SUPPORTS_MAC_DESIGNED_FOR_IPHONE_IPAD = NO;
				SUPPORTS_XR_DESIGNED_FOR_IPHONE_IPAD = NO;
				SWIFT_EMIT_LOC_STRINGS = YES;
				SWIFT_VERSION = 5.0;
				TARGETED_DEVICE_FAMILY = 1;
			};
			name = Release;
		};
		B512BBAE2D3C3D4600AE9AB7 /* Debug */ = {
			isa = XCBuildConfiguration;
			buildSettings = {
				BUNDLE_LOADER = "$(TEST_HOST)";
				CODE_SIGN_STYLE = Automatic;
				CURRENT_PROJECT_VERSION = 1;
				DEVELOPMENT_TEAM = MP4RYSJJ7N;
				GENERATE_INFOPLIST_FILE = YES;
				MARKETING_VERSION = 1.0;
				PRODUCT_BUNDLE_IDENTIFIER = com.nigga.TravelSchedule.TravelScheduleTests;
				PRODUCT_NAME = "$(TARGET_NAME)";
				SWIFT_EMIT_LOC_STRINGS = NO;
				SWIFT_VERSION = 5.0;
				TARGETED_DEVICE_FAMILY = "1,2";
				TEST_HOST = "$(BUILT_PRODUCTS_DIR)/TravelSchedule.app/$(BUNDLE_EXECUTABLE_FOLDER_PATH)/TravelSchedule";
			};
			name = Debug;
		};
		B512BBAF2D3C3D4600AE9AB7 /* Release */ = {
			isa = XCBuildConfiguration;
			buildSettings = {
				BUNDLE_LOADER = "$(TEST_HOST)";
				CODE_SIGN_STYLE = Automatic;
				CURRENT_PROJECT_VERSION = 1;
				DEVELOPMENT_TEAM = MP4RYSJJ7N;
				GENERATE_INFOPLIST_FILE = YES;
				MARKETING_VERSION = 1.0;
				PRODUCT_BUNDLE_IDENTIFIER = com.nigga.TravelSchedule.TravelScheduleTests;
				PRODUCT_NAME = "$(TARGET_NAME)";
				SWIFT_EMIT_LOC_STRINGS = NO;
				SWIFT_VERSION = 5.0;
				TARGETED_DEVICE_FAMILY = "1,2";
				TEST_HOST = "$(BUILT_PRODUCTS_DIR)/TravelSchedule.app/$(BUNDLE_EXECUTABLE_FOLDER_PATH)/TravelSchedule";
			};
			name = Release;
		};
/* End XCBuildConfiguration section */

/* Begin XCConfigurationList section */
		B512BB7C2D3C3C6C00AE9AB7 /* Build configuration list for PBXProject "TravelSchedule" */ = {
			isa = XCConfigurationList;
			buildConfigurations = (
				B512BB8D2D3C3C6D00AE9AB7 /* Debug */,
				B512BB8E2D3C3C6D00AE9AB7 /* Release */,
			);
			defaultConfigurationIsVisible = 0;
			defaultConfigurationName = Release;
		};
		B512BB8F2D3C3C6D00AE9AB7 /* Build configuration list for PBXNativeTarget "TravelSchedule" */ = {
			isa = XCConfigurationList;
			buildConfigurations = (
				B512BB902D3C3C6D00AE9AB7 /* Debug */,
				B512BB912D3C3C6D00AE9AB7 /* Release */,
			);
			defaultConfigurationIsVisible = 0;
			defaultConfigurationName = Release;
		};
		B512BBAD2D3C3D4600AE9AB7 /* Build configuration list for PBXNativeTarget "TravelScheduleTests" */ = {
			isa = XCConfigurationList;
			buildConfigurations = (
				B512BBAE2D3C3D4600AE9AB7 /* Debug */,
				B512BBAF2D3C3D4600AE9AB7 /* Release */,
			);
			defaultConfigurationIsVisible = 0;
			defaultConfigurationName = Release;
		};
/* End XCConfigurationList section */

/* Begin XCRemoteSwiftPackageReference section */
		B512BB922D3C3CDE00AE9AB7 /* XCRemoteSwiftPackageReference "swift-openapi-urlsession" */ = {
			isa = XCRemoteSwiftPackageReference;
			repositoryURL = "https://github.com/apple/swift-openapi-urlsession";
			requirement = {
				kind = upToNextMajorVersion;
				minimumVersion = 1.0.2;
			};
		};
		B512BB952D3C3CE300AE9AB7 /* XCRemoteSwiftPackageReference "swift-openapi-runtime" */ = {
			isa = XCRemoteSwiftPackageReference;
			repositoryURL = "https://github.com/apple/swift-openapi-runtime";
			requirement = {
				kind = upToNextMajorVersion;
				minimumVersion = 1.8.0;
			};
		};
		B512BB982D3C3CE900AE9AB7 /* XCRemoteSwiftPackageReference "swift-openapi-generator" */ = {
			isa = XCRemoteSwiftPackageReference;
			repositoryURL = "https://github.com/apple/swift-openapi-generator";
			requirement = {
				kind = upToNextMajorVersion;
				minimumVersion = 1.7.0;
			};
		};
/* End XCRemoteSwiftPackageReference section */

/* Begin XCSwiftPackageProductDependency section */
		B512BB932D3C3CDE00AE9AB7 /* OpenAPIURLSession */ = {
			isa = XCSwiftPackageProductDependency;
			package = B512BB922D3C3CDE00AE9AB7 /* XCRemoteSwiftPackageReference "swift-openapi-urlsession" */;
			productName = OpenAPIURLSession;
		};
		B512BB962D3C3CE300AE9AB7 /* OpenAPIRuntime */ = {
			isa = XCSwiftPackageProductDependency;
			package = B512BB952D3C3CE300AE9AB7 /* XCRemoteSwiftPackageReference "swift-openapi-runtime" */;
			productName = OpenAPIRuntime;
		};
		B512BB9B2D3C3D0000AE9AB7 /* OpenAPIGenerator */ = {
			isa = XCSwiftPackageProductDependency;
			package = B512BB982D3C3CE900AE9AB7 /* XCRemoteSwiftPackageReference "swift-openapi-generator" */;
			productName = "plugin:OpenAPIGenerator";
		};
/* End XCSwiftPackageProductDependency section */
	};
	rootObject = B512BB792D3C3C6C00AE9AB7 /* Project object */;
}
